
Microsoft Visual Studio Solution File, Format Version 12.00
# Visual Studio Version 17
VisualStudioVersion = 17.6.33829.357
MinimumVisualStudioVersion = 10.0.40219.1
Project("{FAE04EC0-301F-11D3-BF4B-00C04F79EFBC}") = "Csharp_tinhlaisuat", "Csharp_tinhlaisuat.csproj", "{8D7FC1F7-3005-4BA9-92A3-7E5D5A932955}"
EndProject
Global
	GlobalSection(SolutionConfigurationPlatforms) = preSolution
		Debug|Any CPU = Debug|Any CPU
		Release|Any CPU = Release|Any CPU
	EndGlobalSection
	GlobalSection(ProjectConfigurationPlatforms) = postSolution
		{8D7FC1F7-3005-4BA9-92A3-7E5D5A932955}.Debug|Any CPU.ActiveCfg = Debug|Any CPU
		{8D7FC1F7-3005-4BA9-92A3-7E5D5A932955}.Debug|Any CPU.Build.0 = Debug|Any CPU
		{8D7FC1F7-3005-4BA9-92A3-7E5D5A932955}.Release|Any CPU.ActiveCfg = Release|Any CPU
		{8D7FC1F7-3005-4BA9-92A3-7E5D5A932955}.Release|Any CPU.Build.0 = Release|Any CPU
	EndGlobalSection
	GlobalSection(SolutionProperties) = preSolution
		HideSolutionNode = FALSE
	EndGlobalSection
	GlobalSection(ExtensibilityGlobals) = postSolution
		SolutionGuid = {3116C866-FA86-4218-9C91-04B78AC84A2E}
	EndGlobalSection
EndGlobal
